Microsoft Visual Studio Solution File, Format Version 12.00
# Visual Studio Version 17
VisualStudioVersion = 17.5.2.0
MinimumVisualStudioVersion = 10.0.40219.1
Project("{FAE04EC0-301F-11D3-BF4B-00C04F79EFBC}") = "TasksManagerMVC", "TasksManagerMVC.csproj", "{C528FEF5-1B4F-8BE9-9549-747C7F7AF621}"
EndProject
Global
	GlobalSection(SolutionConfigurationPlatforms) = preSolution
		Debug|Any CPU = Debug|Any CPU
		Release|Any CPU = Release|Any CPU
	EndGlobalSection
	GlobalSection(ProjectConfigurationPlatforms) = postSolution
		{C528FEF5-1B4F-8BE9-9549-747C7F7AF621}.Debug|Any CPU.ActiveCfg = Debug|Any CPU
		{C528FEF5-1B4F-8BE9-9549-747C7F7AF621}.Debug|Any CPU.Build.0 = Debug|Any CPU
		{C528FEF5-1B4F-8BE9-9549-747C7F7AF621}.Release|Any CPU.ActiveCfg = Release|Any CPU
		{C528FEF5-1B4F-8BE9-9549-747C7F7AF621}.Release|Any CPU.Build.0 = Release|Any CPU
	EndGlobalSection
	GlobalSection(SolutionProperties) = preSolution
		HideSolutionNode = FALSE
	EndGlobalSection
	GlobalSection(ExtensibilityGlobals) = postSolution
		SolutionGuid = {C636A7BF-3644-4AA9-AA01-FA982A5894F3}
	EndGlobalSection
EndGlobal
